
Microsoft Visual Studio Solution File, Format Version 12.00
# Visual Studio 15
VisualStudioVersion = 15.0.28307.757
MinimumVisualStudioVersion = 10.0.40219.1
Project("{FAE04EC0-301F-11D3-BF4B-00C04F79EFBC}") = "PlatPet.Android", "PlatPet\PlatPet.Android\PlatPet.Android.csproj", "{F490840B-59E7-4D3E-9FAB-08EA819D2749}"
EndProject
Project("{FAE04EC0-301F-11D3-BF4B-00C04F79EFBC}") = "PlatPet", "PlatPet\PlatPet\PlatPet.csproj", "{8BAE1541-8558-46A7-A888-F25ABC5D2571}"
EndProject
Global
	GlobalSection(SolutionConfigurationPlatforms) = preSolution
		Debug|Any CPU = Debug|Any CPU
		Release|Any CPU = Release|Any CPU
	EndGlobalSection
	GlobalSection(ProjectConfigurationPlatforms) = postSolution
		{F490840B-59E7-4D3E-9FAB-08EA819D2749}.Debug|Any CPU.ActiveCfg = Debug|Any CPU
		{F490840B-59E7-4D3E-9FAB-08EA819D2749}.Debug|Any CPU.Build.0 = Debug|Any CPU
		{F490840B-59E7-4D3E-9FAB-08EA819D2749}.Debug|Any CPU.Deploy.0 = Debug|Any CPU
		{F490840B-59E7-4D3E-9FAB-08EA819D2749}.Release|Any CPU.ActiveCfg = Release|Any CPU
		{F490840B-59E7-4D3E-9FAB-08EA819D2749}.Release|Any CPU.Build.0 = Release|Any CPU
		{F490840B-59E7-4D3E-9FAB-08EA819D2749}.Release|Any CPU.Deploy.0 = Release|Any CPU
		{8BAE1541-8558-46A7-A888-F25ABC5D2571}.Debug|Any CPU.ActiveCfg = Debug|Any CPU
		{8BAE1541-8558-46A7-A888-F25ABC5D2571}.Debug|Any CPU.Build.0 = Debug|Any CPU
		{8BAE1541-8558-46A7-A888-F25ABC5D2571}.Debug|Any CPU.Deploy.0 = Debug|Any CPU
		{8BAE1541-8558-46A7-A888-F25ABC5D2571}.Release|Any CPU.ActiveCfg = Release|Any CPU
		{8BAE1541-8558-46A7-A888-F25ABC5D2571}.Release|Any CPU.Build.0 = Release|Any CPU
		{8BAE1541-8558-46A7-A888-F25ABC5D2571}.Release|Any CPU.Deploy.0 = Release|Any CPU
	EndGlobalSection
	GlobalSection(SolutionProperties) = preSolution
		HideSolutionNode = FALSE
	EndGlobalSection
	GlobalSection(ExtensibilityGlobals) = postSolution
		SolutionGuid = {FF2D2D84-92F6-4041-8A4B-CF9BBF97ADD3}
	EndGlobalSection
EndGlobal
